
Microsoft Visual Studio Solution File, Format Version 12.00
# Visual Studio Version 17
VisualStudioVersion = 17.14.36811.4 d17.14
MinimumVisualStudioVersion = 10.0.40219.1
Project("{FAE04EC0-301F-11D3-BF4B-00C04F79EFBC}") = "PersonalFinance.Api", "PersonalFinance.Api\PersonalFinance.Api.csproj", "{C3616D19-5666-4D4F-BAE8-1BFFBD2F2464}"
EndProject
Project("{FAE04EC0-301F-11D3-BF4B-00C04F79EFBC}") = "PersonalFinance.Maui", "PersonalFinance.Maui\PersonalFinance.Maui.csproj", "{633F85AF-71E1-480B-AD8D-4967BBA748C7}"
EndProject
Global
	GlobalSection(SolutionConfigurationPlatforms) = preSolution
		Debug|Any CPU = Debug|Any CPU
		Release|Any CPU = Release|Any CPU
	EndGlobalSection
	GlobalSection(ProjectConfigurationPlatforms) = postSolution
		{C3616D19-5666-4D4F-BAE8-1BFFBD2F2464}.Debug|Any CPU.ActiveCfg = Debug|Any CPU
		{C3616D19-5666-4D4F-BAE8-1BFFBD2F2464}.Debug|Any CPU.Build.0 = Debug|Any CPU
		{C3616D19-5666-4D4F-BAE8-1BFFBD2F2464}.Release|Any CPU.ActiveCfg = Release|Any CPU
		{C3616D19-5666-4D4F-BAE8-1BFFBD2F2464}.Release|Any CPU.Build.0 = Release|Any CPU
		{633F85AF-71E1-480B-AD8D-4967BBA748C7}.Debug|Any CPU.ActiveCfg = Debug|Any CPU
		{633F85AF-71E1-480B-AD8D-4967BBA748C7}.Debug|Any CPU.Build.0 = Debug|Any CPU
		{633F85AF-71E1-480B-AD8D-4967BBA748C7}.Debug|Any CPU.Deploy.0 = Debug|Any CPU
		{633F85AF-71E1-480B-AD8D-4967BBA748C7}.Release|Any CPU.ActiveCfg = Release|Any CPU
		{633F85AF-71E1-480B-AD8D-4967BBA748C7}.Release|Any CPU.Build.0 = Release|Any CPU
		{633F85AF-71E1-480B-AD8D-4967BBA748C7}.Release|Any CPU.Deploy.0 = Release|Any CPU
	EndGlobalSection
	GlobalSection(SolutionProperties) = preSolution
		HideSolutionNode = FALSE
	EndGlobalSection
	GlobalSection(ExtensibilityGlobals) = postSolution
		SolutionGuid = {7386CA07-F104-4916-8E02-875D73E91D92}
	EndGlobalSection
EndGlobal
